
Microsoft Visual Studio Solution File, Format Version 12.00
# Visual Studio Version 17
VisualStudioVersion = 17.8.34330.188
MinimumVisualStudioVersion = 10.0.40219.1
Project("{9A19103F-16F7-4668-BE54-9A1E7A4F7556}") = "ShoesShopProject", "ShoesShopProject\ShoesShopProject.csproj", "{9100D5B1-E157-4707-877F-5ED257766A6F}"
EndProject
Global
	GlobalSection(SolutionConfigurationPlatforms) = preSolution
		Debug|Any CPU = Debug|Any CPU
		Release|Any CPU = Release|Any CPU
	EndGlobalSection
	GlobalSection(ProjectConfigurationPlatforms) = postSolution
		{9100D5B1-E157-4707-877F-5ED257766A6F}.Debug|Any CPU.ActiveCfg = Debug|Any CPU
		{9100D5B1-E157-4707-877F-5ED257766A6F}.Debug|Any CPU.Build.0 = Debug|Any CPU
		{9100D5B1-E157-4707-877F-5ED257766A6F}.Release|Any CPU.ActiveCfg = Release|Any CPU
		{9100D5B1-E157-4707-877F-5ED257766A6F}.Release|Any CPU.Build.0 = Release|Any CPU
	EndGlobalSection
	GlobalSection(SolutionProperties) = preSolution
		HideSolutionNode = FALSE
	EndGlobalSection
	GlobalSection(ExtensibilityGlobals) = postSolution
		SolutionGuid = {F1E90FAE-7AF4-41B4-92CD-5C9EF5E98A30}
	EndGlobalSection
EndGlobal
